
Microsoft Visual Studio Solution File, Format Version 12.00
# Visual Studio 15
VisualStudioVersion = 15.0.26730.15
MinimumVisualStudioVersion = 10.0.40219.1
Project("{FAE04EC0-301F-11D3-BF4B-00C04F79EFBC}") = "Dolomite", "Dolomite\Dolomite.csproj", "{9B45392D-7CFB-471B-B501-8643A287A27E}"
EndProject
Global
	GlobalSection(SolutionConfigurationPlatforms) = preSolution
		Debug|Any CPU = Debug|Any CPU
		Release|Any CPU = Release|Any CPU
	EndGlobalSection
	GlobalSection(ProjectConfigurationPlatforms) = postSolution
		{9B45392D-7CFB-471B-B501-8643A287A27E}.Debug|Any CPU.ActiveCfg = Debug|Any CPU
		{9B45392D-7CFB-471B-B501-8643A287A27E}.Debug|Any CPU.Build.0 = Debug|Any CPU
		{9B45392D-7CFB-471B-B501-8643A287A27E}.Release|Any CPU.ActiveCfg = Release|Any CPU
		{9B45392D-7CFB-471B-B501-8643A287A27E}.Release|Any CPU.Build.0 = Release|Any CPU
	EndGlobalSection
	GlobalSection(SolutionProperties) = preSolution
		HideSolutionNode = FALSE
	EndGlobalSection
	GlobalSection(ExtensibilityGlobals) = postSolution
		SolutionGuid = {7F14720B-275D-4951-80A0-5CEC31DF7A9A}
	EndGlobalSection
EndGlobal
